{
  "version": 4,
  "terraform_version": "1.10.5",
  "serial": 13,
  "lineage": "7f270d85-21d2-7141-0eb2-164c39e23ef2",
  "outputs": {},
  "resources": [
    {
      "mode": "managed",
      "type": "cloudflare_snippet",
      "name": "der_to_pem",
      "provider": "provider[\"registry.terraform.io/cloudflare/cloudflare\"]",
      "instances": [
        {
          "schema_version": 0,
          "attributes": {
            "created_on": "2025-10-13T01:13:58Z",
            "files": [
              {
                "content": "        // Function that converts the base64 encoded DER certificate to PEM format\nfunction toPem(base64) {\n  let pem = '-----BEGIN CERTIFICATE-----\\n'\n  // Add a new line after every 64 characters\n  for (let i = 0; i \u003c base64.length; i += 64) {\n    pem += base64.slice(i, i + 64) + '\\n'\n  }\n  pem += '-----END CERTIFICATE-----\\n'\n  return pem\n}\n\n// Cloudflare Snippet export\nexport default {\n  async fetch(request) {\n    // Create a headers object from the request headers\n    const headers = new Headers(request.headers)\n   \n    // Get the base64 encoded DER certificate and subject\n    const cert = headers.get('cf-client-cert-der-base64')\n   \n    // Only process if certificate is present\n    if (!cert) {\n      return fetch(request)\n    }\n   \n    // Convert the base64 encoded DER certificate to PEM format\n    const pem = toPem(cert)\n   \n    // Set the X-Forwarded-Client-Cert header with the PEM certificate\n    headers.set(X-Forwarded-Client-Cert, btoa(pem))\n\n    \n    // Clone the request with the updated headers\n    const requestClone = new Request(request, { headers: headers })\n   \n    // Fetch the request\n    return fetch(requestClone)\n  }\n}\n",
                "name": "main.js"
              }
            ],
            "metadata": {
              "main_module": "main.js"
            },
            "modified_on": "2025-10-13T01:13:58Z",
            "snippet_name": "der_to_pem",
            "zone_id": "eb1a17f84f3acf343ba1d4bb52518aa3"
          },
          "sensitive_attributes": []
        }
      ]
    },
    {
      "mode": "managed",
      "type": "cloudflare_snippet_rules",
      "name": "der_to_pem",
      "provider": "provider[\"registry.terraform.io/cloudflare/cloudflare\"]",
      "instances": [
        {
          "schema_version": 0,
          "attributes": {
            "rules": [
              {
                "description": "Execute_der_to_pem_when_IP_address_is_1_1_1_1",
                "enabled": true,
                "expression": "http.host wildcard \"spectrum.buddhikacf.cloud\" and cf.edge.server_port eq 4046",
                "id": null,
                "last_updated": null,
                "snippet_name": "der_to_pem"
              }
            ],
            "zone_id": "eb1a17f84f3acf343ba1d4bb52518aa3"
          },
          "sensitive_attributes": []
        }
      ]
    }
  ],
  "check_results": [
    {
      "object_kind": "var",
      "config_addr": "var.snippet_description",
      "status": "pass",
      "objects": [
        {
          "object_addr": "var.snippet_description",
          "status": "pass"
        }
      ]
    }
  ]
}
